// !$*UTF8*$!
{
	archiveVersion = 1;
	classes = {
	};
	objectVersion = 46;
	objects = {

/* Begin PBXBuildFile section */
		4C01BC021B458CC2000ABB96 /* GoogleMobileAds.framework in Frameworks */ = {isa = PBXBuildFile; fileRef = 4C01BC011B458CC2000ABB96 /* GoogleMobileAds.framework */; };
		4C01BC041B458CE1000ABB96 /* AdSupport.framework in Frameworks */ = {isa = PBXBuildFile; fileRef = 4C01BC031B458CE1000ABB96 /* AdSupport.framework */; };
		4C01BC061B458CEE000ABB96 /* AVFoundation.framework in Frameworks */ = {isa = PBXBuildFile; fileRef = 4C01BC051B458CEE000ABB96 /* AVFoundation.framework */; settings = {ATTRIBUTES = (Required, ); }; };
		4C01BC081B458CFC000ABB96 /* CoreMedia.framework in Frameworks */ = {isa = PBXBuildFile; fileRef = 4C01BC071B458CFC000ABB96 /* CoreMedia.framework */; };
		4C01BC0A1B458D02000ABB96 /* CoreTelephony.framework in Frameworks */ = {isa = PBXBuildFile; fileRef = 4C01BC091B458D02000ABB96 /* CoreTelephony.framework */; };
		4C01BC0C1B458D0A000ABB96 /* EventKit.framework in Frameworks */ = {isa = PBXBuildFile; fileRef = 4C01BC0B1B458D0A000ABB96 /* EventKit.framework */; };
		4C01BC0E1B458D0F000ABB96 /* EventKitUI.framework in Frameworks */ = {isa = PBXBuildFile; fileRef = 4C01BC0D1B458D0F000ABB96 /* EventKitUI.framework */; };
		4C01BC101B458D15000ABB96 /* MessageUI.framework in Frameworks */ = {isa = PBXBuildFile; fileRef = 4C01BC0F1B458D15000ABB96 /* MessageUI.framework */; };
		4C3894C71B447E3500B08ADF /* main.m in Sources */ = {isa = PBXBuildFile; fileRef = 4C3894C61B447E3500B08ADF /* main.m */; };
		4C3894CA1B447E3500B08ADF /* AppDelegate.m in Sources */ = {isa = PBXBuildFile; fileRef = 4C3894C91B447E3500B08ADF /* AppDelegate.m */; };
		4C3894D01B447E3500B08ADF /* Main.storyboard in Resources */ = {isa = PBXBuildFile; fileRef = 4C3894CE1B447E3500B08ADF /* Main.storyboard */; };
		4C3894D51B447E3500B08ADF /* LaunchScreen.xib in Resources */ = {isa = PBXBuildFile; fileRef = 4C3894D31B447E3500B08ADF /* LaunchScreen.xib */; };
		4C3894E11B447E3500B08ADF /* Trouser_ModelsTests.m in Sources */ = {isa = PBXBuildFile; fileRef = 4C3894E01B447E3500B08ADF /* Trouser_ModelsTests.m */; };
		4C3894EE1B447FB100B08ADF /* CatalogueViewController.m in Sources */ = {isa = PBXBuildFile; fileRef = 4C3894EB1B447FB100B08ADF /* CatalogueViewController.m */; };
		4C3894EF1B447FB100B08ADF /* ListViewController.m in Sources */ = {isa = PBXBuildFile; fileRef = 4C3894ED1B447FB100B08ADF /* ListViewController.m */; };
		4C3894F11B4480AC00B08ADF /* Parse.framework in Frameworks */ = {isa = PBXBuildFile; fileRef = 4C3894F01B4480AC00B08ADF /* Parse.framework */; };
		4C3894F31B4480DD00B08ADF /* Bolts.framework in Frameworks */ = {isa = PBXBuildFile; fileRef = 4C3894F21B4480DD00B08ADF /* Bolts.framework */; };
		4C3894F51B44810700B08ADF /* AudioToolbox.framework in Frameworks */ = {isa = PBXBuildFile; fileRef = 4C3894F41B44810700B08ADF /* AudioToolbox.framework */; };
		4C3894F71B44811000B08ADF /* CFNetwork.framework in Frameworks */ = {isa = PBXBuildFile; fileRef = 4C3894F61B44811000B08ADF /* CFNetwork.framework */; };
		4C3894F91B44811800B08ADF /* CoreGraphics.framework in Frameworks */ = {isa = PBXBuildFile; fileRef = 4C3894F81B44811800B08ADF /* CoreGraphics.framework */; };
		4C3894FB1B44812100B08ADF /* CoreLocation.framework in Frameworks */ = {isa = PBXBuildFile; fileRef = 4C3894FA1B44812100B08ADF /* CoreLocation.framework */; };
		4C3894FD1B44812700B08ADF /* MobileCoreServices.framework in Frameworks */ = {isa = PBXBuildFile; fileRef = 4C3894FC1B44812700B08ADF /* MobileCoreServices.framework */; };
		4C3894FF1B44812F00B08ADF /* QuartzCore.framework in Frameworks */ = {isa = PBXBuildFile; fileRef = 4C3894FE1B44812F00B08ADF /* QuartzCore.framework */; };
		4C3895011B44813600B08ADF /* Security.framework in Frameworks */ = {isa = PBXBuildFile; fileRef = 4C3895001B44813600B08ADF /* Security.framework */; };
		4C3895031B44813E00B08ADF /* StoreKit.framework in Frameworks */ = {isa = PBXBuildFile; fileRef = 4C3895021B44813E00B08ADF /* StoreKit.framework */; };
		4C3895051B44814900B08ADF /* SystemConfiguration.framework in Frameworks */ = {isa = PBXBuildFile; fileRef = 4C3895041B44814900B08ADF /* SystemConfiguration.framework */; };
		4C3895071B44815000B08ADF /* libz.dylib in Frameworks */ = {isa = PBXBuildFile; fileRef = 4C3895061B44815000B08ADF /* libz.dylib */; };
		4C3895091B44815B00B08ADF /* libsqlite3.dylib in Frameworks */ = {isa = PBXBuildFile; fileRef = 4C3895081B44815B00B08ADF /* libsqlite3.dylib */; };
		4C38950B1B44816400B08ADF /* Accounts.framework in Frameworks */ = {isa = PBXBuildFile; fileRef = 4C38950A1B44816400B08ADF /* Accounts.framework */; };
		4C38950D1B44816E00B08ADF /* Social.framework in Frameworks */ = {isa = PBXBuildFile; fileRef = 4C38950C1B44816E00B08ADF /* Social.framework */; };
		4CA915AF1B449E0F00913B0E /* AFImageViewer.m in Sources */ = {isa = PBXBuildFile; fileRef = 4CA915AE1B449E0F00913B0E /* AFImageViewer.m */; };
		4CB47EF61B45C6A2006CAC6E /* kisa-kot-pantolon_edited-5.png in Resources */ = {isa = PBXBuildFile; fileRef = 4CB47EF51B45C6A2006CAC6E /* kisa-kot-pantolon_edited-5.png */; };
		4CB47EF81B45C71E006CAC6E /* Images.xcassets in Resources */ = {isa = PBXBuildFile; fileRef = 4CB47EF71B45C71E006CAC6E /* Images.xcassets */; };
/* End PBXBuildFile section */

/* Begin PBXContainerItemProxy section */
		4C3894DB1B447E3500B08ADF /* PBXContainerItemProxy */ = {
			isa = PBXContainerItemProxy;
			containerPortal = 4C3894B91B447E3500B08ADF /* Project object */;
			proxyType = 1;
			remoteGlobalIDString = 4C3894C01B447E3500B08ADF;
			remoteInfo = "Trouser-Models";
		};
/* End PBXContainerItemProxy section */

/* Begin PBXFileReference section */
		4C01BC011B458CC2000ABB96 /* GoogleMobileAds.framework */ = {isa = PBXFileReference; lastKnownFileType = wrapper.framework; path = GoogleMobileAds.framework; sourceTree = "<group>"; };
		4C01BC031B458CE1000ABB96 /* AdSupport.framework */ = {isa = PBXFileReference; lastKnownFileType = wrapper.framework; name = AdSupport.framework; path = System/Library/Frameworks/AdSupport.framework; sourceTree = SDKROOT; };
		4C01BC051B458CEE000ABB96 /* AVFoundation.framework */ = {isa = PBXFileReference; lastKnownFileType = wrapper.framework; name = AVFoundation.framework; path = System/Library/Frameworks/AVFoundation.framework; sourceTree = SDKROOT; };
		4C01BC071B458CFC000ABB96 /* CoreMedia.framework */ = {isa = PBXFileReference; lastKnownFileType = wrapper.framework; name = CoreMedia.framework; path = System/Library/Frameworks/CoreMedia.framework; sourceTree = SDKROOT; };
		4C01BC091B458D02000ABB96 /* CoreTelephony.framework */ = {isa = PBXFileReference; lastKnownFileType = wrapper.framework; name = CoreTelephony.framework; path = System/Library/Frameworks/CoreTelephony.framework; sourceTree = SDKROOT; };
		4C01BC0B1B458D0A000ABB96 /* EventKit.framework */ = {isa = PBXFileReference; lastKnownFileType = wrapper.framework; name = EventKit.framework; path = System/Library/Frameworks/EventKit.framework; sourceTree = SDKROOT; };
		4C01BC0D1B458D0F000ABB96 /* EventKitUI.framework */ = {isa = PBXFileReference; lastKnownFileType = wrapper.framework; name = EventKitUI.framework; path = System/Library/Frameworks/EventKitUI.framework; sourceTree = SDKROOT; };
		4C01BC0F1B458D15000ABB96 /* MessageUI.framework */ = {isa = PBXFileReference; lastKnownFileType = wrapper.framework; name = MessageUI.framework; path = System/Library/Frameworks/MessageUI.framework; sourceTree = SDKROOT; };
		4C3894C11B447E3500B08ADF /* Trouser-Models.app */ = {isa = PBXFileReference; explicitFileType = wrapper.application; includeInIndex = 0; path = "Trouser-Models.app"; sourceTree = BUILT_PRODUCTS_DIR; };
		4C3894C51B447E3500B08ADF /* Info.plist */ = {isa = PBXFileReference; lastKnownFileType = text.plist.xml; path = Info.plist; sourceTree = "<group>"; };
		4C3894C61B447E3500B08ADF /* main.m */ = {isa = PBXFileReference; lastKnownFileType = sourcecode.c.objc; path = main.m; sourceTree = "<group>"; };
		4C3894C81B447E3500B08ADF /* AppDelegate.h */ = {isa = PBXFileReference; lastKnownFileType = sourcecode.c.h; path = AppDelegate.h; sourceTree = "<group>"; };
		4C3894C91B447E3500B08ADF /* AppDelegate.m */ = {isa = PBXFileReference; lastKnownFileType = sourcecode.c.objc; path = AppDelegate.m; sourceTree = "<group>"; };
		4C3894CF1B447E3500B08ADF /* Base */ = {isa = PBXFileReference; lastKnownFileType = file.storyboard; name = Base; path = Base.lproj/Main.storyboard; sourceTree = "<group>"; };
		4C3894D41B447E3500B08ADF /* Base */ = {isa = PBXFileReference; lastKnownFileType = file.xib; name = Base; path = Base.lproj/LaunchScreen.xib; sourceTree = "<group>"; };
		4C3894DA1B447E3500B08ADF /* Trouser-ModelsTests.xctest */ = {isa = PBXFileReference; explicitFileType = wrapper.cfbundle; includeInIndex = 0; path = "Trouser-ModelsTests.xctest"; sourceTree = BUILT_PRODUCTS_DIR; };
		4C3894DF1B447E3500B08ADF /* Info.plist */ = {isa = PBXFileReference; lastKnownFileType = text.plist.xml; path = Info.plist; sourceTree = "<group>"; };
		4C3894E01B447E3500B08ADF /* Trouser_ModelsTests.m */ = {isa = PBXFileReference; lastKnownFileType = sourcecode.c.objc; path = Trouser_ModelsTests.m; sourceTree = "<group>"; };
		4C3894EA1B447FB100B08ADF /* CatalogueViewController.h */ = {isa = PBXFileReference; fileEncoding = 4; lastKnownFileType = sourcecode.c.h; path = CatalogueViewController.h; sourceTree = "<group>"; };
		4C3894EB1B447FB100B08ADF /* CatalogueViewController.m */ = {isa = PBXFileReference; fileEncoding = 4; lastKnownFileType = sourcecode.c.objc; path = CatalogueViewController.m; sourceTree = "<group>"; };
		4C3894EC1B447FB100B08ADF /* ListViewController.h */ = {isa = PBXFileReference; fileEncoding = 4; lastKnownFileType = sourcecode.c.h; path = ListViewController.h; sourceTree = "<group>"; };
		4C3894ED1B447FB100B08ADF /* ListViewController.m */ = {isa = PBXFileReference; fileEncoding = 4; lastKnownFileType = sourcecode.c.objc; path = ListViewController.m; sourceTree = "<group>"; };
		4C3894F01B4480AC00B08ADF /* Parse.framework */ = {isa = PBXFileReference; lastKnownFileType = wrapper.framework; path = Parse.framework; sourceTree = "<group>"; };
		4C3894F21B4480DD00B08ADF /* Bolts.framework */ = {isa = PBXFileReference; lastKnownFileType = wrapper.framework; path = Bolts.framework; sourceTree = "<group>"; };
		4C3894F41B44810700B08ADF /* AudioToolbox.framework */ = {isa = PBXFileReference; lastKnownFileType = wrapper.framework; name = AudioToolbox.framework; path = System/Library/Frameworks/AudioToolbox.framework; sourceTree = SDKROOT; };
		4C3894F61B44811000B08ADF /* CFNetwork.framework */ = {isa = PBXFileReference; lastKnownFileType = wrapper.framework; name = CFNetwork.framework; path = System/Library/Frameworks/CFNetwork.framework; sourceTree = SDKROOT; };
		4C3894F81B44811800B08ADF /* CoreGraphics.framework */ = {isa = PBXFileReference; lastKnownFileType = wrapper.framework; name = CoreGraphics.framework; path = System/Library/Frameworks/CoreGraphics.framework; sourceTree = SDKROOT; };
		4C3894FA1B44812100B08ADF /* CoreLocation.framework */ = {isa = PBXFileReference; lastKnownFileType = wrapper.framework; name = CoreLocation.framework; path = System/Library/Frameworks/CoreLocation.framework; sourceTree = SDKROOT; };
		4C3894FC1B44812700B08ADF /* MobileCoreServices.framework */ = {isa = PBXFileReference; lastKnownFileType = wrapper.framework; name = MobileCoreServices.framework; path = System/Library/Frameworks/MobileCoreServices.framework; sourceTree = SDKROOT; };
		4C3894FE1B44812F00B08ADF /* QuartzCore.framework */ = {isa = PBXFileReference; lastKnownFileType = wrapper.framework; name = QuartzCore.framework; path = System/Library/Frameworks/QuartzCore.framework; sourceTree = SDKROOT; };
		4C3895001B44813600B08ADF /* Security.framework */ = {isa = PBXFileReference; lastKnownFileType = wrapper.framework; name = Security.framework; path = System/Library/Frameworks/Security.framework; sourceTree = SDKROOT; };
		4C3895021B44813E00B08ADF /* StoreKit.framework */ = {isa = PBXFileReference; lastKnownFileType = wrapper.framework; name = StoreKit.framework; path = System/Library/Frameworks/StoreKit.framework; sourceTree = SDKROOT; };
		4C3895041B44814900B08ADF /* SystemConfiguration.framework */ = {isa = PBXFileReference; lastKnownFileType = wrapper.framework; name = SystemConfiguration.framework; path = System/Library/Frameworks/SystemConfiguration.framework; sourceTree = SDKROOT; };
		4C3895061B44815000B08ADF /* libz.dylib */ = {isa = PBXFileReference; lastKnownFileType = "compiled.mach-o.dylib"; name = libz.dylib; path = usr/lib/libz.dylib; sourceTree = SDKROOT; };
		4C3895081B44815B00B08ADF /* libsqlite3.dylib */ = {isa = PBXFileReference; lastKnownFileType = "compiled.mach-o.dylib"; name = libsqlite3.dylib; path = usr/lib/libsqlite3.dylib; sourceTree = SDKROOT; };
		4C38950A1B44816400B08ADF /* Accounts.framework */ = {isa = PBXFileReference; lastKnownFileType = wrapper.framework; name = Accounts.framework; path = System/Library/Frameworks/Accounts.framework; sourceTree = SDKROOT; };
		4C38950C1B44816E00B08ADF /* Social.framework */ = {isa = PBXFileReference; lastKnownFileType = wrapper.framework; name = Social.framework; path = System/Library/Frameworks/Social.framework; sourceTree = SDKROOT; };
		4CA915AD1B449E0F00913B0E /* AFImageViewer.h */ = {isa = PBXFileReference; fileEncoding = 4; lastKnownFileType = sourcecode.c.h; path = AFImageViewer.h; sourceTree = "<group>"; };
		4CA915AE1B449E0F00913B0E /* AFImageViewer.m */ = {isa = PBXFileReference; fileEncoding = 4; lastKnownFileType = sourcecode.c.objc; path = AFImageViewer.m; sourceTree = "<group>"; };
		4CB47EF51B45C6A2006CAC6E /* kisa-kot-pantolon_edited-5.png */ = {isa = PBXFileReference; lastKnownFileType = image.png; path = "kisa-kot-pantolon_edited-5.png"; sourceTree = "<group>"; };
		4CB47EF71B45C71E006CAC6E /* Images.xcassets */ = {isa = PBXFileReference; lastKnownFileType = folder.assetcatalog; path = Images.xcassets; sourceTree = "<group>"; };
/* End PBXFileReference section */

/* Begin PBXFrameworksBuildPhase section */
		4C3894BE1B447E3500B08ADF /* Frameworks */ = {
			isa = PBXFrameworksBuildPhase;
			buildActionMask = 2147483647;
			files = (
				4C3895051B44814900B08ADF /* SystemConfiguration.framework in Frameworks */,
				4C3895031B44813E00B08ADF /* StoreKit.framework in Frameworks */,
				4C01BC101B458D15000ABB96 /* MessageUI.framework in Frameworks */,
				4C01BC0E1B458D0F000ABB96 /* EventKitUI.framework in Frameworks */,
				4C01BC0C1B458D0A000ABB96 /* EventKit.framework in Frameworks */,
				4C01BC0A1B458D02000ABB96 /* CoreTelephony.framework in Frameworks */,
				4C01BC081B458CFC000ABB96 /* CoreMedia.framework in Frameworks */,
				4C3894F91B44811800B08ADF /* CoreGraphics.framework in Frameworks */,
				4C01BC061B458CEE000ABB96 /* AVFoundation.framework in Frameworks */,
				4C3894F51B44810700B08ADF /* AudioToolbox.framework in Frameworks */,
				4C01BC041B458CE1000ABB96 /* AdSupport.framework in Frameworks */,
				4C38950D1B44816E00B08ADF /* Social.framework in Frameworks */,
				4C38950B1B44816400B08ADF /* Accounts.framework in Frameworks */,
				4C01BC021B458CC2000ABB96 /* GoogleMobileAds.framework in Frameworks */,
				4C3895091B44815B00B08ADF /* libsqlite3.dylib in Frameworks */,
				4C3895071B44815000B08ADF /* libz.dylib in Frameworks */,
				4C3895011B44813600B08ADF /* Security.framework in Frameworks */,
				4C3894FF1B44812F00B08ADF /* QuartzCore.framework in Frameworks */,
				4C3894FD1B44812700B08ADF /* MobileCoreServices.framework in Frameworks */,
				4C3894FB1B44812100B08ADF /* CoreLocation.framework in Frameworks */,
				4C3894F71B44811000B08ADF /* CFNetwork.framework in Frameworks */,
				4C3894F11B4480AC00B08ADF /* Parse.framework in Frameworks */,
				4C3894F31B4480DD00B08ADF /* Bolts.framework in Frameworks */,
			);
			runOnlyForDeploymentPostprocessing = 0;
		};
		4C3894D71B447E3500B08ADF /* Frameworks */ = {
			isa = PBXFrameworksBuildPhase;
			buildActionMask = 2147483647;
			files = (
			);
			runOnlyForDeploymentPostprocessing = 0;
		};
/* End PBXFrameworksBuildPhase section */

/* Begin PBXGroup section */
		4C3894B81B447E3500B08ADF = {
			isa = PBXGroup;
			children = (
				4C01BC0F1B458D15000ABB96 /* MessageUI.framework */,
				4C01BC0D1B458D0F000ABB96 /* EventKitUI.framework */,
				4C01BC0B1B458D0A000ABB96 /* EventKit.framework */,
				4C01BC091B458D02000ABB96 /* CoreTelephony.framework */,
				4C01BC071B458CFC000ABB96 /* CoreMedia.framework */,
				4C01BC051B458CEE000ABB96 /* AVFoundation.framework */,
				4C01BC031B458CE1000ABB96 /* AdSupport.framework */,
				4C01BC011B458CC2000ABB96 /* GoogleMobileAds.framework */,
				4C38950C1B44816E00B08ADF /* Social.framework */,
				4C38950A1B44816400B08ADF /* Accounts.framework */,
				4C3895081B44815B00B08ADF /* libsqlite3.dylib */,
				4C3895061B44815000B08ADF /* libz.dylib */,
				4C3895041B44814900B08ADF /* SystemConfiguration.framework */,
				4C3895021B44813E00B08ADF /* StoreKit.framework */,
				4C3895001B44813600B08ADF /* Security.framework */,
				4C3894FE1B44812F00B08ADF /* QuartzCore.framework */,
				4C3894FC1B44812700B08ADF /* MobileCoreServices.framework */,
				4C3894FA1B44812100B08ADF /* CoreLocation.framework */,
				4C3894F81B44811800B08ADF /* CoreGraphics.framework */,
				4C3894F61B44811000B08ADF /* CFNetwork.framework */,
				4C3894F41B44810700B08ADF /* AudioToolbox.framework */,
				4C3894F01B4480AC00B08ADF /* Parse.framework */,
				4C3894F21B4480DD00B08ADF /* Bolts.framework */,
				4C3894C31B447E3500B08ADF /* Trouser-Models */,
				4C3894DD1B447E3500B08ADF /* Trouser-ModelsTests */,
				4C3894C21B447E3500B08ADF /* Products */,
			);
			sourceTree = "<group>";
		};
		4C3894C21B447E3500B08ADF /* Products */ = {
			isa = PBXGroup;
			children = (
				4C3894C11B447E3500B08ADF /* Trouser-Models.app */,
				4C3894DA1B447E3500B08ADF /* Trouser-ModelsTests.xctest */,
			);
			name = Products;
			sourceTree = "<group>";
		};
		4C3894C31B447E3500B08ADF /* Trouser-Models */ = {
			isa = PBXGroup;
			children = (
				4CA915AD1B449E0F00913B0E /* AFImageViewer.h */,
				4CA915AE1B449E0F00913B0E /* AFImageViewer.m */,
				4C3894EA1B447FB100B08ADF /* CatalogueViewController.h */,
				4C3894EB1B447FB100B08ADF /* CatalogueViewController.m */,
				4C3894EC1B447FB100B08ADF /* ListViewController.h */,
				4C3894ED1B447FB100B08ADF /* ListViewController.m */,
				4C3894C81B447E3500B08ADF /* AppDelegate.h */,
				4C3894C91B447E3500B08ADF /* AppDelegate.m */,
				4C3894CE1B447E3500B08ADF /* Main.storyboard */,
				4C3894D31B447E3500B08ADF /* LaunchScreen.xib */,
				4C3894C41B447E3500B08ADF /* Supporting Files */,
			);
			path = "Trouser-Models";
			sourceTree = "<group>";
		};
		4C3894C41B447E3500B08ADF /* Supporting Files */ = {
			isa = PBXGroup;
			children = (
				4CB47EF71B45C71E006CAC6E /* Images.xcassets */,
				4CB47EF51B45C6A2006CAC6E /* kisa-kot-pantolon_edited-5.png */,
				4C3894C51B447E3500B08ADF /* Info.plist */,
				4C3894C61B447E3500B08ADF /* main.m */,
			);
			name = "Supporting Files";
			sourceTree = "<group>";
		};
		4C3894DD1B447E3500B08ADF /* Trouser-ModelsTests */ = {
			isa = PBXGroup;
			children = (
				4C3894E01B447E3500B08ADF /* Trouser_ModelsTests.m */,
				4C3894DE1B447E3500B08ADF /* Supporting Files */,
			);
			path = "Trouser-ModelsTests";
			sourceTree = "<group>";
		};
		4C3894DE1B447E3500B08ADF /* Supporting Files */ = {
			isa = PBXGroup;
			children = (
				4C3894DF1B447E3500B08ADF /* Info.plist */,
			);
			name = "Supporting Files";
			sourceTree = "<group>";
		};
/* End PBXGroup section */

/* Begin PBXNativeTarget section */
		4C3894C01B447E3500B08ADF /* Trouser-Models */ = {
			isa = PBXNativeTarget;
			buildConfigurationList = 4C3894E41B447E3500B08ADF /* Build configuration list for PBXNativeTarget "Trouser-Models" */;
			buildPhases = (
				4C3894BD1B447E3500B08ADF /* Sources */,
				4C3894BE1B447E3500B08ADF /* Frameworks */,
				4C3894BF1B447E3500B08ADF /* Resources */,
			);
			buildRules = (
			);
			dependencies = (
			);
			name = "Trouser-Models";
			productName = "Trouser-Models";
			productReference = 4C3894C11B447E3500B08ADF /* Trouser-Models.app */;
			productType = "com.apple.product-type.application";
		};
		4C3894D91B447E3500B08ADF /* Trouser-ModelsTests */ = {
			isa = PBXNativeTarget;
			buildConfigurationList = 4C3894E71B447E3500B08ADF /* Build configuration list for PBXNativeTarget "Trouser-ModelsTests" */;
			buildPhases = (
				4C3894D61B447E3500B08ADF /* Sources */,
				4C3894D71B447E3500B08ADF /* Frameworks */,
				4C3894D81B447E3500B08ADF /* Resources */,
			);
			buildRules = (
			);
			dependencies = (
				4C3894DC1B447E3500B08ADF /* PBXTargetDependency */,
			);
			name = "Trouser-ModelsTests";
			productName = "Trouser-ModelsTests";
			productReference = 4C3894DA1B447E3500B08ADF /* Trouser-ModelsTests.xctest */;
			productType = "com.apple.product-type.bundle.unit-test";
		};
/* End PBXNativeTarget section */

/* Begin PBXProject section */
		4C3894B91B447E3500B08ADF /* Project object */ = {
			isa = PBXProject;
			attributes = {
				LastUpgradeCheck = 0630;
				ORGANIZATIONNAME = "Umut Afacan";
				TargetAttributes = {
					4C3894C01B447E3500B08ADF = {
						CreatedOnToolsVersion = 6.3;
					};
					4C3894D91B447E3500B08ADF = {
						CreatedOnToolsVersion = 6.3;
						TestTargetID = 4C3894C01B447E3500B08ADF;
					};
				};
			};
			buildConfigurationList = 4C3894BC1B447E3500B08ADF /* Build configuration list for PBXProject "Trouser-Models" */;
			compatibilityVersion = "Xcode 3.2";
			developmentRegion = English;
			hasScannedForEncodings = 0;
			knownRegions = (
				en,
				Base,
			);
			mainGroup = 4C3894B81B447E3500B08ADF;
			productRefGroup = 4C3894C21B447E3500B08ADF /* Products */;
			projectDirPath = "";
			projectRoot = "";
			targets = (
				4C3894C01B447E3500B08ADF /* Trouser-Models */,
				4C3894D91B447E3500B08ADF /* Trouser-ModelsTests */,
			);
		};
/* End PBXProject section */

/* Begin PBXResourcesBuildPhase section */
		4C3894BF1B447E3500B08ADF /* Resources */ = {
			isa = PBXResourcesBuildPhase;
			buildActionMask = 2147483647;
			files = (
				4CB47EF61B45C6A2006CAC6E /* kisa-kot-pantolon_edited-5.png in Resources */,
				4CB47EF81B45C71E006CAC6E /* Images.xcassets in Resources */,
				4C3894D01B447E3500B08ADF /* Main.storyboard in Resources */,
				4C3894D51B447E3500B08ADF /* LaunchScreen.xib in Resources */,
			);
			runOnlyForDeploymentPostprocessing = 0;
		};
		4C3894D81B447E3500B08ADF /* Resources */ = {
			isa = PBXResourcesBuildPhase;
			buildActionMask = 2147483647;
			files = (
			);
			runOnlyForDeploymentPostprocessing = 0;
		};
/* End PBXResourcesBuildPhase section */

/* Begin PBXSourcesBuildPhase section */
		4C3894BD1B447E3500B08ADF /* Sources */ = {
			isa = PBXSourcesBuildPhase;
			buildActionMask = 2147483647;
			files = (
				4C3894EF1B447FB100B08ADF /* ListViewController.m in Sources */,
				4C3894EE1B447FB100B08ADF /* CatalogueViewController.m in Sources */,
				4C3894CA1B447E3500B08ADF /* AppDelegate.m in Sources */,
				4CA915AF1B449E0F00913B0E /* AFImageViewer.m in Sources */,
				4C3894C71B447E3500B08ADF /* main.m in Sources */,
			);
			runOnlyForDeploymentPostprocessing = 0;
		};
		4C3894D61B447E3500B08ADF /* Sources */ = {
			isa = PBXSourcesBuildPhase;
			buildActionMask = 2147483647;
			files = (
				4C3894E11B447E3500B08ADF /* Trouser_ModelsTests.m in Sources */,
			);
			runOnlyForDeploymentPostprocessing = 0;
		};
/* End PBXSourcesBuildPhase section */

/* Begin PBXTargetDependency section */
		4C3894DC1B447E3500B08ADF /* PBXTargetDependency */ = {
			isa = PBXTargetDependency;
			target = 4C3894C01B447E3500B08ADF /* Trouser-Models */;
			targetProxy = 4C3894DB1B447E3500B08ADF /* PBXContainerItemProxy */;
		};
/* End PBXTargetDependency section */

/* Begin PBXVariantGroup section */
		4C3894CE1B447E3500B08ADF /* Main.storyboard */ = {
			isa = PBXVariantGroup;
			children = (
				4C3894CF1B447E3500B08ADF /* Base */,
			);
			name = Main.storyboard;
			sourceTree = "<group>";
		};
		4C3894D31B447E3500B08ADF /* LaunchScreen.xib */ = {
			isa = PBXVariantGroup;
			children = (
				4C3894D41B447E3500B08ADF /* Base */,
			);
			name = LaunchScreen.xib;
			sourceTree = "<group>";
		};
/* End PBXVariantGroup section */

/* Begin XCBuildConfiguration section */
		4C3894E21B447E3500B08ADF /* Debug */ = {
			isa = XCBuildConfiguration;
			buildSettings = {
				ALWAYS_SEARCH_USER_PATHS = NO;
				CLANG_CXX_LANGUAGE_STANDARD = "gnu++0x";
				CLANG_CXX_LIBRARY = "libc++";
				CLANG_ENABLE_MODULES = YES;
				CLANG_ENABLE_OBJC_ARC = YES;
				CLANG_WARN_BOOL_CONVERSION = YES;
				CLANG_WARN_CONSTANT_CONVERSION = YES;
				CLANG_WARN_DIRECT_OBJC_ISA_USAGE = YES_ERROR;
				CLANG_WARN_EMPTY_BODY = YES;
				CLANG_WARN_ENUM_CONVERSION = YES;
				CLANG_WARN_INT_CONVERSION = YES;
				CLANG_WARN_OBJC_ROOT_CLASS = YES_ERROR;
				CLANG_WARN_UNREACHABLE_CODE = YES;
				CLANG_WARN__DUPLICATE_METHOD_MATCH = YES;
				"CODE_SIGN_IDENTITY[sdk=iphoneos*]" = "iPhone Developer";
				COPY_PHASE_STRIP = NO;
				DEBUG_INFORMATION_FORMAT = "dwarf-with-dsym";
				ENABLE_STRICT_OBJC_MSGSEND = YES;
				GCC_C_LANGUAGE_STANDARD = gnu99;
				GCC_DYNAMIC_NO_PIC = NO;
				GCC_NO_COMMON_BLOCKS = YES;
				GCC_OPTIMIZATION_LEVEL = 0;
				GCC_PREPROCESSOR_DEFINITIONS = (
					"DEBUG=1",
					"$(inherited)",
				);
				GCC_SYMBOLS_PRIVATE_EXTERN = NO;
				GCC_WARN_64_TO_32_BIT_CONVERSION = YES;
				GCC_WARN_ABOUT_RETURN_TYPE = YES_ERROR;
				GCC_WARN_UNDECLARED_SELECTOR = YES;
				GCC_WARN_UNINITIALIZED_AUTOS = YES_AGGRESSIVE;
				GCC_WARN_UNUSED_FUNCTION = YES;
				GCC_WARN_UNUSED_VARIABLE = YES;
				IPHONEOS_DEPLOYMENT_TARGET = 8.3;
				MTL_ENABLE_DEBUG_INFO = YES;
				ONLY_ACTIVE_ARCH = YES;
				SDKROOT = iphoneos;
			};
			name = Debug;
		};
		4C3894E31B447E3500B08ADF /* Release */ = {
			isa = XCBuildConfiguration;
			buildSettings = {
				ALWAYS_SEARCH_USER_PATHS = NO;
				CLANG_CXX_LANGUAGE_STANDARD = "gnu++0x";
				CLANG_CXX_LIBRARY = "libc++";
				CLANG_ENABLE_MODULES = YES;
				CLANG_ENABLE_OBJC_ARC = YES;
				CLANG_WARN_BOOL_CONVERSION = YES;
				CLANG_WARN_CONSTANT_CONVERSION = YES;
				CLANG_WARN_DIRECT_OBJC_ISA_USAGE = YES_ERROR;
				CLANG_WARN_EMPTY_BODY = YES;
				CLANG_WARN_ENUM_CONVERSION = YES;
				CLANG_WARN_INT_CONVERSION = YES;
				CLANG_WARN_OBJC_ROOT_CLASS = YES_ERROR;
				CLANG_WARN_UNREACHABLE_CODE = YES;
				CLANG_WARN__DUPLICATE_METHOD_MATCH = YES;
				"CODE_SIGN_IDENTITY[sdk=iphoneos*]" = "iPhone Developer";
				COPY_PHASE_STRIP = NO;
				DEBUG_INFORMATION_FORMAT = "dwarf-with-dsym";
				ENABLE_NS_ASSERTIONS = NO;
				ENABLE_STRICT_OBJC_MSGSEND = YES;
				GCC_C_LANGUAGE_STANDARD = gnu99;
				GCC_NO_COMMON_BLOCKS = YES;
				GCC_WARN_64_TO_32_BIT_CONVERSION = YES;
				GCC_WARN_ABOUT_RETURN_TYPE = YES_ERROR;
				GCC_WARN_UNDECLARED_SELECTOR = YES;
				GCC_WARN_UNINITIALIZED_AUTOS = YES_AGGRESSIVE;
				GCC_WARN_UNUSED_FUNCTION = YES;
				GCC_WARN_UNUSED_VARIABLE = YES;
				IPHONEOS_DEPLOYMENT_TARGET = 8.3;
				MTL_ENABLE_DEBUG_INFO = NO;
				SDKROOT = iphoneos;
				VALIDATE_PRODUCT = YES;
			};
			name = Release;
		};
		4C3894E51B447E3500B08ADF /* Debug */ = {
			isa = XCBuildConfiguration;
			buildSettings = {
				ASSETCATALOG_COMPILER_APPICON_NAME = AppIcon;
				FRAMEWORK_SEARCH_PATHS = (
					"$(inherited)",
					"$(PROJECT_DIR)",
				);
				INFOPLIST_FILE = "Trouser-Models/Info.plist";
				LD_RUNPATH_SEARCH_PATHS = "$(inherited) @executable_path/Frameworks";
				PRODUCT_NAME = "$(TARGET_NAME)";
				TARGETED_DEVICE_FAMILY = 1;
			};
			name = Debug;
		};
		4C3894E61B447E3500B08ADF /* Release */ = {
			isa = XCBuildConfiguration;
			buildSettings = {
				ASSETCATALOG_COMPILER_APPICON_NAME = AppIcon;
				FRAMEWORK_SEARCH_PATHS = (
					"$(inherited)",
					"$(PROJECT_DIR)",
				);
				INFOPLIST_FILE = "Trouser-Models/Info.plist";
				LD_RUNPATH_SEARCH_PATHS = "$(inherited) @executable_path/Frameworks";
				PRODUCT_NAME = "$(TARGET_NAME)";
				TARGETED_DEVICE_FAMILY = 1;
			};
			name = Release;
		};
		4C3894E81B447E3500B08ADF /* Debug */ = {
			isa = XCBuildConfiguration;
			buildSettings = {
				BUNDLE_LOADER = "$(TEST_HOST)";
				FRAMEWORK_SEARCH_PATHS = (
					"$(SDKROOT)/Developer/Library/Frameworks",
					"$(inherited)",
				);
				GCC_PREPROCESSOR_DEFINITIONS = (
					"DEBUG=1",
					"$(inherited)",
				);
				INFOPLIST_FILE = "Trouser-ModelsTests/Info.plist";
				LD_RUNPATH_SEARCH_PATHS = "$(inherited) @executable_path/Frameworks @loader_path/Frameworks";
				PRODUCT_NAME = "$(TARGET_NAME)";
				TEST_HOST = "$(BUILT_PRODUCTS_DIR)/Trouser-Models.app/Trouser-Models";
			};
			name = Debug;
		};
		4C3894E91B447E3500B08ADF /* Release */ = {
			isa = XCBuildConfiguration;
			buildSettings = {
				BUNDLE_LOADER = "$(TEST_HOST)";
				FRAMEWORK_SEARCH_PATHS = (
					"$(SDKROOT)/Developer/Library/Frameworks",
					"$(inherited)",
				);
				INFOPLIST_FILE = "Trouser-ModelsTests/Info.plist";
				LD_RUNPATH_SEARCH_PATHS = "$(inherited) @executable_path/Frameworks @loader_path/Frameworks";
				PRODUCT_NAME = "$(TARGET_NAME)";
				TEST_HOST = "$(BUILT_PRODUCTS_DIR)/Trouser-Models.app/Trouser-Models";
			};
			name = Release;
		};
/* End XCBuildConfiguration section */

/* Begin XCConfigurationList section */
		4C3894BC1B447E3500B08ADF /* Build configuration list for PBXProject "Trouser-Models" */ = {
			isa = XCConfigurationList;
			buildConfigurations = (
				4C3894E21B447E3500B08ADF /* Debug */,
				4C3894E31B447E3500B08ADF /* Release */,
			);
			defaultConfigurationIsVisible = 0;
			defaultConfigurationName = Release;
		};
		4C3894E41B447E3500B08ADF /* Build configuration list for PBXNativeTarget "Trouser-Models" */ = {
			isa = XCConfigurationList;
			buildConfigurations = (
				4C3894E51B447E3500B08ADF /* Debug */,
				4C3894E61B447E3500B08ADF /* Release */,
			);
			defaultConfigurationIsVisible = 0;
			defaultConfigurationName = Release;
		};
		4C3894E71B447E3500B08ADF /* Build configuration list for PBXNativeTarget "Trouser-ModelsTests" */ = {
			isa = XCConfigurationList;
			buildConfigurations = (
				4C3894E81B447E3500B08ADF /* Debug */,
				4C3894E91B447E3500B08ADF /* Release */,
			);
			defaultConfigurationIsVisible = 0;
			defaultConfigurationName = Release;
		};
/* End XCConfigurationList section */
	};
	rootObject = 4C3894B91B447E3500B08ADF /* Project object */;
}
